
Microsoft Visual Studio Solution File, Format Version 12.00
# Visual Studio Version 17
VisualStudioVersion = 17.10.34707.107
MinimumVisualStudioVersion = 10.0.40219.1
Project("{FAE04EC0-301F-11D3-BF4B-00C04F79EFBC}") = "sort", "sort\sort.csproj", "{F7F4EEA2-FDD9-4744-924F-CB85713BF36C}"
EndProject
Global
	GlobalSection(SolutionConfigurationPlatforms) = preSolution
		Debug|Any CPU = Debug|Any CPU
		Release|Any CPU = Release|Any CPU
	EndGlobalSection
	GlobalSection(ProjectConfigurationPlatforms) = postSolution
		{F7F4EEA2-FDD9-4744-924F-CB85713BF36C}.Debug|Any CPU.ActiveCfg = Debug|Any CPU
		{F7F4EEA2-FDD9-4744-924F-CB85713BF36C}.Debug|Any CPU.Build.0 = Debug|Any CPU
		{F7F4EEA2-FDD9-4744-924F-CB85713BF36C}.Release|Any CPU.ActiveCfg = Release|Any CPU
		{F7F4EEA2-FDD9-4744-924F-CB85713BF36C}.Release|Any CPU.Build.0 = Release|Any CPU
	EndGlobalSection
	GlobalSection(SolutionProperties) = preSolution
		HideSolutionNode = FALSE
	EndGlobalSection
	GlobalSection(ExtensibilityGlobals) = postSolution
		SolutionGuid = {DA7B8D9E-2F3D-45D1-88F1-2A836D4418E2}
	EndGlobalSection
EndGlobal
